// !$*UTF8*$!
{
	archiveVersion = 1;
	classes = {
	};
	objectVersion = 46;
	objects = {

/* Begin PBXBuildFile section */
		568B89D61B791B0800371808 /* main.m in Sources */ = {isa = PBXBuildFile; fileRef = 568B89D51B791B0800371808 /* main.m */; };
		568B89E71B791CEB00371808 /* CppClass.h in Sources */ = {isa = PBXBuildFile; fileRef = 568B89E61B791CEB00371808 /* CppClass.h */; };
		568B89E91B791D3800371808 /* ObjcClass.mm in Sources */ = {isa = PBXBuildFile; fileRef = 568B89E81B791D3800371808 /* ObjcClass.mm */; };
/* End PBXBuildFile section */

/* Begin PBXCopyFilesBuildPhase section */
		568B89D01B791B0800371808 /* CopyFiles */ = {
			isa = PBXCopyFilesBuildPhase;
			buildActionMask = 2147483647;
			dstPath = /usr/share/man/man1/;
			dstSubfolderSpec = 0;
			files = (
			);
			runOnlyForDeploymentPostprocessing = 1;
		};
/* End PBXCopyFilesBuildPhase section */

/* Begin PBXFileReference section */
		568B89D21B791B0800371808 /* sample-objc++ */ = {isa = PBXFileReference; explicitFileType = "compiled.mach-o.executable"; includeInIndex = 0; path = "sample-objc++"; sourceTree = BUILT_PRODUCTS_DIR; };
		568B89D51B791B0800371808 /* main.m */ = {isa = PBXFileReference; lastKnownFileType = sourcecode.c.objc; path = main.m; sourceTree = "<group>"; };
		568B89E51B791CC100371808 /* ObjcClass.h */ = {isa = PBXFileReference; fileEncoding = 4; lastKnownFileType = sourcecode.c.h; path = ObjcClass.h; sourceTree = "<group>"; };
		568B89E61B791CEB00371808 /* CppClass.h */ = {isa = PBXFileReference; fileEncoding = 4; lastKnownFileType = sourcecode.c.h; path = CppClass.h; sourceTree = "<group>"; };
		568B89E81B791D3800371808 /* ObjcClass.mm */ = {isa = PBXFileReference; fileEncoding = 4; lastKnownFileType = sourcecode.cpp.objcpp; path = ObjcClass.mm; sourceTree = "<group>"; };
/* End PBXFileReference section */

/* Begin PBXFrameworksBuildPhase section */
		568B89CF1B791B0800371808 /* Frameworks */ = {
			isa = PBXFrameworksBuildPhase;
			buildActionMask = 2147483647;
			files = (
			);
			runOnlyForDeploymentPostprocessing = 0;
		};
/* End PBXFrameworksBuildPhase section */

/* Begin PBXGroup section */
		568B89C91B791B0800371808 = {
			isa = PBXGroup;
			children = (
				568B89D41B791B0800371808 /* sample-objc */,
				568B89D31B791B0800371808 /* Products */,
			);
			sourceTree = "<group>";
		};
		568B89D31B791B0800371808 /* Products */ = {
			isa = PBXGroup;
			children = (
				568B89D21B791B0800371808 /* sample-objc++ */,
			);
			name = Products;
			sourceTree = "<group>";
		};
		568B89D41B791B0800371808 /* sample-objc */ = {
			isa = PBXGroup;
			children = (
				568B89D51B791B0800371808 /* main.m */,
				568B89E51B791CC100371808 /* ObjcClass.h */,
				568B89E61B791CEB00371808 /* CppClass.h */,
				568B89E81B791D3800371808 /* ObjcClass.mm */,
			);
			path = "sample-objc";
			sourceTree = "<group>";
		};
/* End PBXGroup section */

/* Begin PBXNativeTarget section */
		568B89D11B791B0800371808 /* sample-objc++ */ = {
			isa = PBXNativeTarget;
			buildConfigurationList = 568B89D91B791B0800371808 /* Build configuration list for PBXNativeTarget "sample-objc++" */;
			buildPhases = (
				568B89CE1B791B0800371808 /* Sources */,
				568B89CF1B791B0800371808 /* Frameworks */,
				568B89D01B791B0800371808 /* CopyFiles */,
			);
			buildRules = (
			);
			dependencies = (
			);
			name = "sample-objc++";
			productName = "sample-objc";
			productReference = 568B89D21B791B0800371808 /* sample-objc++ */;
			productType = "com.apple.product-type.tool";
		};
/* End PBXNativeTarget section */

/* Begin PBXProject section */
		568B89CA1B791B0800371808 /* Project object */ = {
			isa = PBXProject;
			attributes = {
				LastUpgradeCheck = 0700;
				ORGANIZATIONNAME = "Tung Nguyen";
				TargetAttributes = {
					568B89D11B791B0800371808 = {
						CreatedOnToolsVersion = 7.0;
					};
				};
			};
			buildConfigurationList = 568B89CD1B791B0800371808 /* Build configuration list for PBXProject "sample-objc++" */;
			compatibilityVersion = "Xcode 3.2";
			developmentRegion = English;
			hasScannedForEncodings = 0;
			knownRegions = (
				en,
			);
			mainGroup = 568B89C91B791B0800371808;
			productRefGroup = 568B89D31B791B0800371808 /* Products */;
			projectDirPath = "";
			projectRoot = "";
			targets = (
				568B89D11B791B0800371808 /* sample-objc++ */,
			);
		};
/* End PBXProject section */

/* Begin PBXSourcesBuildPhase section */
		568B89CE1B791B0800371808 /* Sources */ = {
			isa = PBXSourcesBuildPhase;
			buildActionMask = 2147483647;
			files = (
				568B89E71B791CEB00371808 /* CppClass.h in Sources */,
				568B89E91B791D3800371808 /* ObjcClass.mm in Sources */,
				568B89D61B791B0800371808 /* main.m in Sources */,
			);
			runOnlyForDeploymentPostprocessing = 0;
		};
/* End PBXSourcesBuildPhase section */

/* Begin XCBuildConfiguration section */
		568B89D71B791B0800371808 /* Debug */ = {
			isa = XCBuildConfiguration;
			buildSettings = {
				ALWAYS_SEARCH_USER_PATHS = NO;
				CLANG_CXX_LANGUAGE_STANDARD = "gnu++0x";
				CLANG_CXX_LIBRARY = "libc++";
				CLANG_ENABLE_MODULES = YES;
				CLANG_ENABLE_OBJC_ARC = YES;
				CLANG_WARN_BOOL_CONVERSION = YES;
				CLANG_WARN_CONSTANT_CONVERSION = YES;
				CLANG_WARN_DIRECT_OBJC_ISA_USAGE = YES_ERROR;
				CLANG_WARN_EMPTY_BODY = YES;
				CLANG_WARN_ENUM_CONVERSION = YES;
				CLANG_WARN_INT_CONVERSION = YES;
				CLANG_WARN_OBJC_ROOT_CLASS = YES_ERROR;
				CLANG_WARN_UNREACHABLE_CODE = YES;
				CLANG_WARN__DUPLICATE_METHOD_MATCH = YES;
				COPY_PHASE_STRIP = NO;
				DEBUG_INFORMATION_FORMAT = dwarf;
				ENABLE_STRICT_OBJC_MSGSEND = YES;
				ENABLE_TESTABILITY = YES;
				GCC_C_LANGUAGE_STANDARD = gnu99;
				GCC_DYNAMIC_NO_PIC = NO;
				GCC_NO_COMMON_BLOCKS = YES;
				GCC_OPTIMIZATION_LEVEL = 0;
				GCC_PREPROCESSOR_DEFINITIONS = (
					"DEBUG=1",
					"$(inherited)",
				);
				GCC_WARN_64_TO_32_BIT_CONVERSION = YES;
				GCC_WARN_ABOUT_RETURN_TYPE = YES_ERROR;
				GCC_WARN_UNDECLARED_SELECTOR = YES;
				GCC_WARN_UNINITIALIZED_AUTOS = YES_AGGRESSIVE;
				GCC_WARN_UNUSED_FUNCTION = YES;
				GCC_WARN_UNUSED_VARIABLE = YES;
				MACOSX_DEPLOYMENT_TARGET = 10.10;
				MTL_ENABLE_DEBUG_INFO = YES;
				ONLY_ACTIVE_ARCH = YES;
				SDKROOT = macosx;
			};
			name = Debug;
		};
		568B89D81B791B0800371808 /* Release */ = {
			isa = XCBuildConfiguration;
			buildSettings = {
				ALWAYS_SEARCH_USER_PATHS = NO;
				CLANG_CXX_LANGUAGE_STANDARD = "gnu++0x";
				CLANG_CXX_LIBRARY = "libc++";
				CLANG_ENABLE_MODULES = YES;
				CLANG_ENABLE_OBJC_ARC = YES;
				CLANG_WARN_BOOL_CONVERSION = YES;
				CLANG_WARN_CONSTANT_CONVERSION = YES;
				CLANG_WARN_DIRECT_OBJC_ISA_USAGE = YES_ERROR;
				CLANG_WARN_EMPTY_BODY = YES;
				CLANG_WARN_ENUM_CONVERSION = YES;
				CLANG_WARN_INT_CONVERSION = YES;
				CLANG_WARN_OBJC_ROOT_CLASS = YES_ERROR;
				CLANG_WARN_UNREACHABLE_CODE = YES;
				CLANG_WARN__DUPLICATE_METHOD_MATCH = YES;
				COPY_PHASE_STRIP = NO;
				DEBUG_INFORMATION_FORMAT = "dwarf-with-dsym";
				ENABLE_NS_ASSERTIONS = NO;
				ENABLE_STRICT_OBJC_MSGSEND = YES;
				GCC_C_LANGUAGE_STANDARD = gnu99;
				GCC_NO_COMMON_BLOCKS = YES;
				GCC_WARN_64_TO_32_BIT_CONVERSION = YES;
				GCC_WARN_ABOUT_RETURN_TYPE = YES_ERROR;
				GCC_WARN_UNDECLARED_SELECTOR = YES;
				GCC_WARN_UNINITIALIZED_AUTOS = YES_AGGRESSIVE;
				GCC_WARN_UNUSED_FUNCTION = YES;
				GCC_WARN_UNUSED_VARIABLE = YES;
				MACOSX_DEPLOYMENT_TARGET = 10.10;
				MTL_ENABLE_DEBUG_INFO = NO;
				SDKROOT = macosx;
			};
			name = Release;
		};
		568B89DA1B791B0800371808 /* Debug */ = {
			isa = XCBuildConfiguration;
			buildSettings = {
				PRODUCT_NAME = "sample-objc++";
			};
			name = Debug;
		};
		568B89DB1B791B0800371808 /* Release */ = {
			isa = XCBuildConfiguration;
			buildSettings = {
				PRODUCT_NAME = "sample-objc++";
			};
			name = Release;
		};
/* End XCBuildConfiguration section */

/* Begin XCConfigurationList section */
		568B89CD1B791B0800371808 /* Build configuration list for PBXProject "sample-objc++" */ = {
			isa = XCConfigurationList;
			buildConfigurations = (
				568B89D71B791B0800371808 /* Debug */,
				568B89D81B791B0800371808 /* Release */,
			);
			defaultConfigurationIsVisible = 0;
			defaultConfigurationName = Release;
		};
		568B89D91B791B0800371808 /* Build configuration list for PBXNativeTarget "sample-objc++" */ = {
			isa = XCConfigurationList;
			buildConfigurations = (
				568B89DA1B791B0800371808 /* Debug */,
				568B89DB1B791B0800371808 /* Release */,
			);
			defaultConfigurationIsVisible = 0;
			defaultConfigurationName = Release;
		};
/* End XCConfigurationList section */
	};
	rootObject = 568B89CA1B791B0800371808 /* Project object */;
}
